
Microsoft Visual Studio Solution File, Format Version 12.00
# Visual Studio Version 17
VisualStudioVersion = 17.14.36915.13 d17.14
MinimumVisualStudioVersion = 10.0.40219.1
Project("{FAE04EC0-301F-11D3-BF4B-00C04F79EFBC}") = "EonsApi", "EonsApi.csproj", "{BA8BCECC-E921-70F5-1D92-038341B39115}"
EndProject
Global
	GlobalSection(SolutionConfigurationPlatforms) = preSolution
		Debug|Any CPU = Debug|Any CPU
		Release|Any CPU = Release|Any CPU
	EndGlobalSection
	GlobalSection(ProjectConfigurationPlatforms) = postSolution
		{BA8BCECC-E921-70F5-1D92-038341B39115}.Debug|Any CPU.ActiveCfg = Debug|Any CPU
		{BA8BCECC-E921-70F5-1D92-038341B39115}.Debug|Any CPU.Build.0 = Debug|Any CPU
		{BA8BCECC-E921-70F5-1D92-038341B39115}.Release|Any CPU.ActiveCfg = Release|Any CPU
		{BA8BCECC-E921-70F5-1D92-038341B39115}.Release|Any CPU.Build.0 = Release|Any CPU
	EndGlobalSection
	GlobalSection(SolutionProperties) = preSolution
		HideSolutionNode = FALSE
	EndGlobalSection
	GlobalSection(ExtensibilityGlobals) = postSolution
		SolutionGuid = {CB623A5F-2B47-4A75-8357-78575D002B8B}
	EndGlobalSection
EndGlobal
